// !$*UTF8*$!
{
	archiveVersion = 1;
	classes = {
	};
	objectVersion = 46;
	objects = {

/* Begin PBXBuildFile section */
		446E4DB99B76E7D2208A0FB7 /* Pods_GH4992.framework in Frameworks */ = {isa = PBXBuildFile; fileRef = AFB3D7C027C836C7FAB47A6A /* Pods_GH4992.framework */; };
		E85D964E1EE1E3A7004BE4A5 /* AppDelegate.swift in Sources */ = {isa = PBXBuildFile; fileRef = E85D964D1EE1E3A7004BE4A5 /* AppDelegate.swift */; };
		E85D96501EE1E3A7004BE4A5 /* ViewController.swift in Sources */ = {isa = PBXBuildFile; fileRef = E85D964F1EE1E3A7004BE4A5 /* ViewController.swift */; };
		E85D96531EE1E3A7004BE4A5 /* Main.storyboard in Resources */ = {isa = PBXBuildFile; fileRef = E85D96511EE1E3A7004BE4A5 /* Main.storyboard */; };
		E85D96551EE1E3A7004BE4A5 /* Assets.xcassets in Resources */ = {isa = PBXBuildFile; fileRef = E85D96541EE1E3A7004BE4A5 /* Assets.xcassets */; };
		E85D96581EE1E3A7004BE4A5 /* LaunchScreen.storyboard in Resources */ = {isa = PBXBuildFile; fileRef = E85D96561EE1E3A7004BE4A5 /* LaunchScreen.storyboard */; };
/* End PBXBuildFile section */

/* Begin PBXFileReference section */
		0EB91753EF08128D2A6EC274 /* Pods-GH4992.debug.xcconfig */ = {isa = PBXFileReference; includeInIndex = 1; lastKnownFileType = text.xcconfig; name = "Pods-GH4992.debug.xcconfig"; path = "Pods/Target Support Files/Pods-GH4992/Pods-GH4992.debug.xcconfig"; sourceTree = "<group>"; };
		AFB3D7C027C836C7FAB47A6A /* Pods_GH4992.framework */ = {isa = PBXFileReference; explicitFileType = wrapper.framework; includeInIndex = 0; path = Pods_GH4992.framework; sourceTree = BUILT_PRODUCTS_DIR; };
		E85D964A1EE1E3A7004BE4A5 /* GH4992.app */ = {isa = PBXFileReference; explicitFileType = wrapper.application; includeInIndex = 0; path = GH4992.app; sourceTree = BUILT_PRODUCTS_DIR; };
		E85D964D1EE1E3A7004BE4A5 /* AppDelegate.swift */ = {isa = PBXFileReference; lastKnownFileType = sourcecode.swift; path = AppDelegate.swift; sourceTree = "<group>"; };
		E85D964F1EE1E3A7004BE4A5 /* ViewController.swift */ = {isa = PBXFileReference; lastKnownFileType = sourcecode.swift; path = ViewController.swift; sourceTree = "<group>"; };
		E85D96521EE1E3A7004BE4A5 /* Base */ = {isa = PBXFileReference; lastKnownFileType = file.storyboard; name = Base; path = Base.lproj/Main.storyboard; sourceTree = "<group>"; };
		E85D96541EE1E3A7004BE4A5 /* Assets.xcassets */ = {isa = PBXFileReference; lastKnownFileType = folder.assetcatalog; path = Assets.xcassets; sourceTree = "<group>"; };
		E85D96571EE1E3A7004BE4A5 /* Base */ = {isa = PBXFileReference; lastKnownFileType = file.storyboard; name = Base; path = Base.lproj/LaunchScreen.storyboard; sourceTree = "<group>"; };
		E85D96591EE1E3A7004BE4A5 /* Info.plist */ = {isa = PBXFileReference; lastKnownFileType = text.plist.xml; path = Info.plist; sourceTree = "<group>"; };
		F5BC5B61650AF6657FE76BAE /* Pods-GH4992.release.xcconfig */ = {isa = PBXFileReference; includeInIndex = 1; lastKnownFileType = text.xcconfig; name = "Pods-GH4992.release.xcconfig"; path = "Pods/Target Support Files/Pods-GH4992/Pods-GH4992.release.xcconfig"; sourceTree = "<group>"; };
/* End PBXFileReference section */

/* Begin PBXFrameworksBuildPhase section */
		E85D96471EE1E3A7004BE4A5 /* Frameworks */ = {
			isa = PBXFrameworksBuildPhase;
			buildActionMask = 2147483647;
			files = (
				446E4DB99B76E7D2208A0FB7 /* Pods_GH4992.framework in Frameworks */,
			);
			runOnlyForDeploymentPostprocessing = 0;
		};
/* End PBXFrameworksBuildPhase section */

/* Begin PBXGroup section */
		86A7B804DF3A86781B9389C6 /* Frameworks */ = {
			isa = PBXGroup;
			children = (
				AFB3D7C027C836C7FAB47A6A /* Pods_GH4992.framework */,
			);
			name = Frameworks;
			sourceTree = "<group>";
		};
		E85D96411EE1E3A7004BE4A5 = {
			isa = PBXGroup;
			children = (
				E85D964C1EE1E3A7004BE4A5 /* GH4992 */,
				E85D964B1EE1E3A7004BE4A5 /* Products */,
				F34F429EBB4639FFDD39248C /* Pods */,
				86A7B804DF3A86781B9389C6 /* Frameworks */,
			);
			sourceTree = "<group>";
		};
		E85D964B1EE1E3A7004BE4A5 /* Products */ = {
			isa = PBXGroup;
			children = (
				E85D964A1EE1E3A7004BE4A5 /* GH4992.app */,
			);
			name = Products;
			sourceTree = "<group>";
		};
		E85D964C1EE1E3A7004BE4A5 /* GH4992 */ = {
			isa = PBXGroup;
			children = (
				E85D964D1EE1E3A7004BE4A5 /* AppDelegate.swift */,
				E85D964F1EE1E3A7004BE4A5 /* ViewController.swift */,
				E85D96511EE1E3A7004BE4A5 /* Main.storyboard */,
				E85D96541EE1E3A7004BE4A5 /* Assets.xcassets */,
				E85D96561EE1E3A7004BE4A5 /* LaunchScreen.storyboard */,
				E85D96591EE1E3A7004BE4A5 /* Info.plist */,
			);
			path = GH4992;
			sourceTree = "<group>";
		};
		F34F429EBB4639FFDD39248C /* Pods */ = {
			isa = PBXGroup;
			children = (
				0EB91753EF08128D2A6EC274 /* Pods-GH4992.debug.xcconfig */,
				F5BC5B61650AF6657FE76BAE /* Pods-GH4992.release.xcconfig */,
			);
			name = Pods;
			sourceTree = "<group>";
		};
/* End PBXGroup section */

/* Begin PBXNativeTarget section */
		E85D96491EE1E3A7004BE4A5 /* GH4992 */ = {
			isa = PBXNativeTarget;
			buildConfigurationList = E85D965C1EE1E3A7004BE4A5 /* Build configuration list for PBXNativeTarget "GH4992" */;
			buildPhases = (
				AE7DF400AD329FE68084F7DE /* [CP] Check Pods Manifest.lock */,
				E85D96461EE1E3A7004BE4A5 /* Sources */,
				E85D96471EE1E3A7004BE4A5 /* Frameworks */,
				E85D96481EE1E3A7004BE4A5 /* Resources */,
				B62B6AC4982B668E21488789 /* [CP] Embed Pods Frameworks */,
				9EE915CE06776DA501E66EBE /* [CP] Copy Pods Resources */,
			);
			buildRules = (
			);
			dependencies = (
			);
			name = GH4992;
			productName = GH4992;
			productReference = E85D964A1EE1E3A7004BE4A5 /* GH4992.app */;
			productType = "com.apple.product-type.application";
		};
/* End PBXNativeTarget section */

/* Begin PBXProject section */
		E85D96421EE1E3A7004BE4A5 /* Project object */ = {
			isa = PBXProject;
			attributes = {
				LastSwiftUpdateCheck = 0830;
				LastUpgradeCheck = 0830;
				ORGANIZATIONNAME = Realm;
				TargetAttributes = {
					E85D96491EE1E3A7004BE4A5 = {
						CreatedOnToolsVersion = 8.3.2;
						DevelopmentTeam = QX5CR2FTN2;
						ProvisioningStyle = Automatic;
					};
				};
			};
			buildConfigurationList = E85D96451EE1E3A7004BE4A5 /* Build configuration list for PBXProject "GH4992" */;
			compatibilityVersion = "Xcode 3.2";
			developmentRegion = English;
			hasScannedForEncodings = 0;
			knownRegions = (
				en,
				Base,
			);
			mainGroup = E85D96411EE1E3A7004BE4A5;
			productRefGroup = E85D964B1EE1E3A7004BE4A5 /* Products */;
			projectDirPath = "";
			projectRoot = "";
			targets = (
				E85D96491EE1E3A7004BE4A5 /* GH4992 */,
			);
		};
/* End PBXProject section */

/* Begin PBXResourcesBuildPhase section */
		E85D96481EE1E3A7004BE4A5 /* Resources */ = {
			isa = PBXResourcesBuildPhase;
			buildActionMask = 2147483647;
			files = (
				E85D96581EE1E3A7004BE4A5 /* LaunchScreen.storyboard in Resources */,
				E85D96551EE1E3A7004BE4A5 /* Assets.xcassets in Resources */,
				E85D96531EE1E3A7004BE4A5 /* Main.storyboard in Resources */,
			);
			runOnlyForDeploymentPostprocessing = 0;
		};
/* End PBXResourcesBuildPhase section */

/* Begin PBXShellScriptBuildPhase section */
		9EE915CE06776DA501E66EBE /* [CP] Copy Pods Resources */ = {
			isa = PBXShellScriptBuildPhase;
			buildActionMask = 2147483647;
			files = (
			);
			inputPaths = (
			);
			name = "[CP] Copy Pods Resources";
			outputPaths = (
			);
			runOnlyForDeploymentPostprocessing = 0;
			shellPath = /bin/sh;
			shellScript = "\"${SRCROOT}/Pods/Target Support Files/Pods-GH4992/Pods-GH4992-resources.sh\"\n";
			showEnvVarsInLog = 0;
		};
		AE7DF400AD329FE68084F7DE /* [CP] Check Pods Manifest.lock */ = {
			isa = PBXShellScriptBuildPhase;
			buildActionMask = 2147483647;
			files = (
			);
			inputPaths = (
			);
			name = "[CP] Check Pods Manifest.lock";
			outputPaths = (
			);
			runOnlyForDeploymentPostprocessing = 0;
			shellPath = /bin/sh;
			shellScript = "diff \"${PODS_PODFILE_DIR_PATH}/Podfile.lock\" \"${PODS_ROOT}/Manifest.lock\" > /dev/null\nif [ $? != 0 ] ; then\n    # print error to STDERR\n    echo \"error: The sandbox is not in sync with the Podfile.lock. Run 'pod install' or update your CocoaPods installation.\" >&2\n    exit 1\nfi\n";
			showEnvVarsInLog = 0;
		};
		B62B6AC4982B668E21488789 /* [CP] Embed Pods Frameworks */ = {
			isa = PBXShellScriptBuildPhase;
			buildActionMask = 2147483647;
			files = (
			);
			inputPaths = (
			);
			name = "[CP] Embed Pods Frameworks";
			outputPaths = (
			);
			runOnlyForDeploymentPostprocessing = 0;
			shellPath = /bin/sh;
			shellScript = "\"${SRCROOT}/Pods/Target Support Files/Pods-GH4992/Pods-GH4992-frameworks.sh\"\n";
			showEnvVarsInLog = 0;
		};
/* End PBXShellScriptBuildPhase section */

/* Begin PBXSourcesBuildPhase section */
		E85D96461EE1E3A7004BE4A5 /* Sources */ = {
			isa = PBXSourcesBuildPhase;
			buildActionMask = 2147483647;
			files = (
				E85D96501EE1E3A7004BE4A5 /* ViewController.swift in Sources */,
				E85D964E1EE1E3A7004BE4A5 /* AppDelegate.swift in Sources */,
			);
			runOnlyForDeploymentPostprocessing = 0;
		};
/* End PBXSourcesBuildPhase section */

/* Begin PBXVariantGroup section */
		E85D96511EE1E3A7004BE4A5 /* Main.storyboard */ = {
			isa = PBXVariantGroup;
			children = (
				E85D96521EE1E3A7004BE4A5 /* Base */,
			);
			name = Main.storyboard;
			sourceTree = "<group>";
		};
		E85D96561EE1E3A7004BE4A5 /* LaunchScreen.storyboard */ = {
			isa = PBXVariantGroup;
			children = (
				E85D96571EE1E3A7004BE4A5 /* Base */,
			);
			name = LaunchScreen.storyboard;
			sourceTree = "<group>";
		};
/* End PBXVariantGroup section */

/* Begin XCBuildConfiguration section */
		E85D965A1EE1E3A7004BE4A5 /* Debug */ = {
			isa = XCBuildConfiguration;
			buildSettings = {
				ALWAYS_SEARCH_USER_PATHS = NO;
				CLANG_ANALYZER_NONNULL = YES;
				CLANG_ANALYZER_NUMBER_OBJECT_CONVERSION = YES_AGGRESSIVE;
				CLANG_CXX_LANGUAGE_STANDARD = "gnu++0x";
				CLANG_CXX_LIBRARY = "libc++";
				CLANG_ENABLE_MODULES = YES;
				CLANG_ENABLE_OBJC_ARC = YES;
				CLANG_WARN_BOOL_CONVERSION = YES;
				CLANG_WARN_CONSTANT_CONVERSION = YES;
				CLANG_WARN_DIRECT_OBJC_ISA_USAGE = YES_ERROR;
				CLANG_WARN_DOCUMENTATION_COMMENTS = YES;
				CLANG_WARN_EMPTY_BODY = YES;
				CLANG_WARN_ENUM_CONVERSION = YES;
				CLANG_WARN_INFINITE_RECURSION = YES;
				CLANG_WARN_INT_CONVERSION = YES;
				CLANG_WARN_OBJC_ROOT_CLASS = YES_ERROR;
				CLANG_WARN_SUSPICIOUS_MOVE = YES;
				CLANG_WARN_UNREACHABLE_CODE = YES;
				CLANG_WARN__DUPLICATE_METHOD_MATCH = YES;
				"CODE_SIGN_IDENTITY[sdk=iphoneos*]" = "iPhone Developer";
				COPY_PHASE_STRIP = NO;
				DEBUG_INFORMATION_FORMAT = dwarf;
				ENABLE_STRICT_OBJC_MSGSEND = YES;
				ENABLE_TESTABILITY = YES;
				GCC_C_LANGUAGE_STANDARD = gnu99;
				GCC_DYNAMIC_NO_PIC = NO;
				GCC_NO_COMMON_BLOCKS = YES;
				GCC_OPTIMIZATION_LEVEL = 0;
				GCC_PREPROCESSOR_DEFINITIONS = (
					"DEBUG=1",
					"$(inherited)",
				);
				GCC_WARN_64_TO_32_BIT_CONVERSION = YES;
				GCC_WARN_ABOUT_RETURN_TYPE = YES_ERROR;
				GCC_WARN_UNDECLARED_SELECTOR = YES;
				GCC_WARN_UNINITIALIZED_AUTOS = YES_AGGRESSIVE;
				GCC_WARN_UNUSED_FUNCTION = YES;
				GCC_WARN_UNUSED_VARIABLE = YES;
				IPHONEOS_DEPLOYMENT_TARGET = 10.3;
				MTL_ENABLE_DEBUG_INFO = YES;
				ONLY_ACTIVE_ARCH = YES;
				SDKROOT = iphoneos;
				SWIFT_ACTIVE_COMPILATION_CONDITIONS = DEBUG;
				SWIFT_OPTIMIZATION_LEVEL = "-Onone";
				TARGETED_DEVICE_FAMILY = "1,2";
			};
			name = Debug;
		};
		E85D965B1EE1E3A7004BE4A5 /* Release */ = {
			isa = XCBuildConfiguration;
			buildSettings = {
				ALWAYS_SEARCH_USER_PATHS = NO;
				CLANG_ANALYZER_NONNULL = YES;
				CLANG_ANALYZER_NUMBER_OBJECT_CONVERSION = YES_AGGRESSIVE;
				CLANG_CXX_LANGUAGE_STANDARD = "gnu++0x";
				CLANG_CXX_LIBRARY = "libc++";
				CLANG_ENABLE_MODULES = YES;
				CLANG_ENABLE_OBJC_ARC = YES;
				CLANG_WARN_BOOL_CONVERSION = YES;
				CLANG_WARN_CONSTANT_CONVERSION = YES;
				CLANG_WARN_DIRECT_OBJC_ISA_USAGE = YES_ERROR;
				CLANG_WARN_DOCUMENTATION_COMMENTS = YES;
				CLANG_WARN_EMPTY_BODY = YES;
				CLANG_WARN_ENUM_CONVERSION = YES;
				CLANG_WARN_INFINITE_RECURSION = YES;
				CLANG_WARN_INT_CONVERSION = YES;
				CLANG_WARN_OBJC_ROOT_CLASS = YES_ERROR;
				CLANG_WARN_SUSPICIOUS_MOVE = YES;
				CLANG_WARN_UNREACHABLE_CODE = YES;
				CLANG_WARN__DUPLICATE_METHOD_MATCH = YES;
				"CODE_SIGN_IDENTITY[sdk=iphoneos*]" = "iPhone Developer";
				COPY_PHASE_STRIP = NO;
				DEBUG_INFORMATION_FORMAT = "dwarf-with-dsym";
				ENABLE_NS_ASSERTIONS = NO;
				ENABLE_STRICT_OBJC_MSGSEND = YES;
				GCC_C_LANGUAGE_STANDARD = gnu99;
				GCC_NO_COMMON_BLOCKS = YES;
				GCC_WARN_64_TO_32_BIT_CONVERSION = YES;
				GCC_WARN_ABOUT_RETURN_TYPE = YES_ERROR;
				GCC_WARN_UNDECLARED_SELECTOR = YES;
				GCC_WARN_UNINITIALIZED_AUTOS = YES_AGGRESSIVE;
				GCC_WARN_UNUSED_FUNCTION = YES;
				GCC_WARN_UNUSED_VARIABLE = YES;
				IPHONEOS_DEPLOYMENT_TARGET = 10.3;
				MTL_ENABLE_DEBUG_INFO = NO;
				SDKROOT = iphoneos;
				SWIFT_OPTIMIZATION_LEVEL = "-Owholemodule";
				TARGETED_DEVICE_FAMILY = "1,2";
				VALIDATE_PRODUCT = YES;
			};
			name = Release;
		};
		E85D965D1EE1E3A7004BE4A5 /* Debug */ = {
			isa = XCBuildConfiguration;
			baseConfigurationReference = 0EB91753EF08128D2A6EC274 /* Pods-GH4992.debug.xcconfig */;
			buildSettings = {
				ASSETCATALOG_COMPILER_APPICON_NAME = AppIcon;
				DEVELOPMENT_TEAM = QX5CR2FTN2;
				INFOPLIST_FILE = GH4992/Info.plist;
				LD_RUNPATH_SEARCH_PATHS = "$(inherited) @executable_path/Frameworks";
				PRODUCT_BUNDLE_IDENTIFIER = io.realm.GH4992;
				PRODUCT_NAME = "$(TARGET_NAME)";
				SWIFT_VERSION = 3.0;
			};
			name = Debug;
		};
		E85D965E1EE1E3A7004BE4A5 /* Release */ = {
			isa = XCBuildConfiguration;
			baseConfigurationReference = F5BC5B61650AF6657FE76BAE /* Pods-GH4992.release.xcconfig */;
			buildSettings = {
				ASSETCATALOG_COMPILER_APPICON_NAME = AppIcon;
				DEVELOPMENT_TEAM = QX5CR2FTN2;
				INFOPLIST_FILE = GH4992/Info.plist;
				LD_RUNPATH_SEARCH_PATHS = "$(inherited) @executable_path/Frameworks";
				PRODUCT_BUNDLE_IDENTIFIER = io.realm.GH4992;
				PRODUCT_NAME = "$(TARGET_NAME)";
				SWIFT_VERSION = 3.0;
			};
			name = Release;
		};
/* End XCBuildConfiguration section */

/* Begin XCConfigurationList section */
		E85D96451EE1E3A7004BE4A5 /* Build configuration list for PBXProject "GH4992" */ = {
			isa = XCConfigurationList;
			buildConfigurations = (
				E85D965A1EE1E3A7004BE4A5 /* Debug */,
				E85D965B1EE1E3A7004BE4A5 /* Release */,
			);
			defaultConfigurationIsVisible = 0;
			defaultConfigurationName = Release;
		};
		E85D965C1EE1E3A7004BE4A5 /* Build configuration list for PBXNativeTarget "GH4992" */ = {
			isa = XCConfigurationList;
			buildConfigurations = (
				E85D965D1EE1E3A7004BE4A5 /* Debug */,
				E85D965E1EE1E3A7004BE4A5 /* Release */,
			);
			defaultConfigurationIsVisible = 0;
		};
/* End XCConfigurationList section */
	};
	rootObject = E85D96421EE1E3A7004BE4A5 /* Project object */;
}
